<?xml version="1.0" encoding="utf-8"?>
<Project ToolsVersion="4.0" xmlns="http://schemas.microsoft.com/developer/msbuild/2003">
  <ItemGroup>
    <Filter Include="Source Files">
      <UniqueIdentifier>{4FC737F1-C7A5-4376-A066-2A32D752A2FF}</UniqueIdentifier>
      <Extensions>cpp;c;cc;cxx;def;odl;idl;hpj;bat;asm;asmx</Extensions>
    </Filter>
    <Filter Include="Header Files">
      <UniqueIdentifier>{93995380-89BD-4b04-88EB-625FBE52EBFB}</UniqueIdentifier>
      <Extensions>h;hh;hpp;hxx;hm;inl;inc;ipp;xsd</Extensions>
    </Filter>
    <Filter Include="Resource Files">
      <UniqueIdentifier>{67DA6AB6-F800-4c08-8B7A-83BB121AAD01}</UniqueIdentifier>
      <Extensions>rc;ico;cur;bmp;dlg;rc2;rct;bin;rgs;gif;jpg;jpeg;jpe;resx;tiff;tif;png;wav;mfcribbon-ms</Extensions>
    </Filter>
    <Filter Include="Source Files\SDK">
      <UniqueIdentifier>{d77ba5e9-0645-4a4b-80fd-8ec7315817e9}</UniqueIdentifier>
    </Filter>
    <Filter Include="Source Files\SDK\CGame">
      <UniqueIdentifier>{b90c983d-f50d-4ca9-b5af-6b84043f2cd1}</UniqueIdentifier>
    </Filter>
    <Filter Include="Source Files\SDK\CGraphics">
      <UniqueIdentifier>{c90a5f00-941e-4f18-8183-925bca47ac57}</UniqueIdentifier>
    </Filter>
    <Filter Include="Header Files\SDK">
      <UniqueIdentifier>{1bda1f48-46c1-4950-8d2f-752c47b5cf07}</UniqueIdentifier>
    </Filter>
    <Filter Include="Header Files\SDK\CGame">
      <UniqueIdentifier>{4e6363f3-10ab-49c9-bf53-49d01eb903a5}</UniqueIdentifier>
    </Filter>
    <Filter Include="Header Files\SDK\CGraphics">
      <UniqueIdentifier>{b6138fba-ea7c-4a1d-bdcb-79a5ef842cf9}</UniqueIdentifier>
    </Filter>
    <Filter Include="Header Files\Misk">
      <UniqueIdentifier>{c137ebdc-6b7b-46f1-938b-1ea881fc297f}</UniqueIdentifier>
    </Filter>
    <Filter Include="Source Files\SDK\CGame\CEntity">
      <UniqueIdentifier>{0b5ad9e6-7515-4b41-af8f-205e83099d15}</UniqueIdentifier>
    </Filter>
    <Filter Include="Header Files\SDK\CGame\CEntity">
      <UniqueIdentifier>{69bce667-5656-4806-803f-f995b2c1c08d}</UniqueIdentifier>
    </Filter>
    <Filter Include="Header Files\Math">
      <UniqueIdentifier>{2293561c-dae9-4bbc-84d3-642f64d5244f}</UniqueIdentifier>
    </Filter>
    <Filter Include="Header Files\Inputs">
      <UniqueIdentifier>{24da8fa2-189b-474e-b9a6-efeb904d66ce}</UniqueIdentifier>
    </Filter>
    <Filter Include="Source Files\Inputs">
      <UniqueIdentifier>{1015bc77-b165-45e5-a3ff-1dcd3e6693ec}</UniqueIdentifier>
    </Filter>
    <Filter Include="Source Files\Features">
      <UniqueIdentifier>{5feb9360-f61d-4006-9f7f-6533c42f11e8}</UniqueIdentifier>
    </Filter>
    <Filter Include="Header Files\Features">
      <UniqueIdentifier>{a4beaada-ba85-42b2-a409-f48eaceeb956}</UniqueIdentifier>
    </Filter>
    <Filter Include="Header Files\Render">
      <UniqueIdentifier>{f8a50e6e-c60d-4837-abcb-6370d2c4c73c}</UniqueIdentifier>
    </Filter>
    <Filter Include="Source Files\Render">
      <UniqueIdentifier>{b6ead1f0-3d23-484d-9df7-02cb576c386f}</UniqueIdentifier>
    </Filter>
    <Filter Include="Header Files\Imgui">
      <UniqueIdentifier>{0649acce-25c3-421c-956a-a96365e6e82c}</UniqueIdentifier>
    </Filter>
    <Filter Include="Source Files\Imgui">
      <UniqueIdentifier>{cd7d4a78-f1a5-42f2-892c-724246d8ab3a}</UniqueIdentifier>
    </Filter>
    <Filter Include="Header Files\SDK\CGame\CEntity\CSkeleton">
      <UniqueIdentifier>{010fa67e-4bf7-4acd-91cf-9c3b075f9d88}</UniqueIdentifier>
    </Filter>
    <Filter Include="Source Files\SDK\CGame\CEntity\CSkeleton">
      <UniqueIdentifier>{8f83e3d7-8e8c-403f-86e3-a366656a23a9}</UniqueIdentifier>
    </Filter>
  </ItemGroup>
  <ItemGroup>
    <ClCompile Include="stdafx.cpp">
      <Filter>Source Files</Filter>
    </ClCompile>
    <ClCompile Include="main.cpp">
      <Filter>Source Files</Filter>
    </ClCompile>
    <ClCompile Include="CGame.cpp">
      <Filter>Source Files\SDK\CGame</Filter>
    </ClCompile>
    <ClCompile Include="CGraphics.cpp">
      <Filter>Source Files\SDK\CGraphics</Filter>
    </ClCompile>
    <ClCompile Include="CEntity.cpp">
      <Filter>Source Files\SDK\CGame\CEntity</Filter>
    </ClCompile>
    <ClCompile Include="Inputs.cpp">
      <Filter>Source Files\Inputs</Filter>
    </ClCompile>
    <ClCompile Include="Aimbot.cpp">
      <Filter>Source Files\Features</Filter>
    </ClCompile>
    <ClCompile Include="D3D11Hooks.cpp">
      <Filter>Source Files\Render</Filter>
    </ClCompile>
    <ClCompile Include="Visuals.cpp">
      <Filter>Source Files\Features</Filter>
    </ClCompile>
    <ClCompile Include="Imgui\imgui.cpp">
      <Filter>Source Files\Imgui</Filter>
    </ClCompile>
    <ClCompile Include="Imgui\imgui_draw.cpp">
      <Filter>Source Files\Imgui</Filter>
    </ClCompile>
    <ClCompile Include="Imgui\imgui_impl_dx11.cpp">
      <Filter>Source Files\Imgui</Filter>
    </ClCompile>
    <ClCompile Include="CSkeleton.cpp">
      <Filter>Source Files\SDK\CGame\CEntity\CSkeleton</Filter>
    </ClCompile>
  </ItemGroup>
  <ItemGroup>
    <ClInclude Include="stdafx.h">
      <Filter>Header Files</Filter>
    </ClInclude>
    <ClInclude Include="Test.h">
      <Filter>Header Files</Filter>
    </ClInclude>
    <ClInclude Include="Vector3.h">
      <Filter>Header Files\Math</Filter>
    </ClInclude>
    <ClInclude Include="CGame.h">
      <Filter>Header Files\SDK\CGame</Filter>
    </ClInclude>
    <ClInclude Include="CGraphics.h">
      <Filter>Header Files\SDK\CGraphics</Filter>
    </ClInclude>
    <ClInclude Include="Patchable.h">
      <Filter>Header Files\SDK</Filter>
    </ClInclude>
    <ClInclude Include="Macros.h">
      <Filter>Header Files\Misk</Filter>
    </ClInclude>
    <ClInclude Include="EnumMacro.h">
      <Filter>Header Files\Misk</Filter>
    </ClInclude>
    <ClInclude Include="StaticEnums.h">
      <Filter>Header Files\Misk</Filter>
    </ClInclude>
    <ClInclude Include="CEntity.h">
      <Filter>Header Files\SDK\CGame\CEntity</Filter>
    </ClInclude>
    <ClInclude Include="Inputs.h">
      <Filter>Header Files\Inputs</Filter>
    </ClInclude>
    <ClInclude Include="Aimbot.h">
      <Filter>Header Files\Features</Filter>
    </ClInclude>
    <ClInclude Include="D3D11Hooks.h">
      <Filter>Header Files\Render</Filter>
    </ClInclude>
    <ClInclude Include="Visuals.h">
      <Filter>Header Files\Features</Filter>
    </ClInclude>
    <ClInclude Include="Imgui\cx_fnv1.h">
      <Filter>Header Files\Imgui</Filter>
    </ClInclude>
    <ClInclude Include="Imgui\cx_pcg32.h">
      <Filter>Header Files\Imgui</Filter>
    </ClInclude>
    <ClInclude Include="Imgui\cx_strenc.h">
      <Filter>Header Files\Imgui</Filter>
    </ClInclude>
    <ClInclude Include="Imgui\imconfig.h">
      <Filter>Header Files\Imgui</Filter>
    </ClInclude>
    <ClInclude Include="Imgui\imgui.h">
      <Filter>Header Files\Imgui</Filter>
    </ClInclude>
    <ClInclude Include="Imgui\imgui_impl_dx11.h">
      <Filter>Header Files\Imgui</Filter>
    </ClInclude>
    <ClInclude Include="Imgui\imgui_internal.h">
      <Filter>Header Files\Imgui</Filter>
    </ClInclude>
    <ClInclude Include="Imgui\stb_rect_pack.h">
      <Filter>Header Files\Imgui</Filter>
    </ClInclude>
    <ClInclude Include="Imgui\stb_textedit.h">
      <Filter>Header Files\Imgui</Filter>
    </ClInclude>
    <ClInclude Include="Imgui\stb_truetype.h">
      <Filter>Header Files\Imgui</Filter>
    </ClInclude>
    <ClInclude Include="Imgui\Rubik.h">
      <Filter>Header Files\Imgui</Filter>
    </ClInclude>
    <ClInclude Include="CSkeleton.h">
      <Filter>Header Files\SDK\CGame\CEntity\CSkeleton</Filter>
    </ClInclude>
  </ItemGroup>
</Project>